<?xml version="1.0" encoding="utf-8"?>
<Project ToolsVersion="4.0" xmlns="http://schemas.microsoft.com/developer/msbuild/2003">
  <ItemGroup>
    <Filter Include="Source Files">
      <UniqueIdentifier>{4FC737F1-C7A5-4376-A066-2A32D752A2FF}</UniqueIdentifier>
      <Extensions>cpp;c;cc;cxx;def;odl;idl;hpj;bat;asm;asmx</Extensions>
    </Filter>
    <Filter Include="Header Files">
      <UniqueIdentifier>{93995380-89BD-4b04-88EB-625FBE52EBFB}</UniqueIdentifier>
      <Extensions>h;hh;hpp;hxx;hm;inl;inc;ipp;xsd</Extensions>
    </Filter>
    <Filter Include="Resource Files">
      <UniqueIdentifier>{67DA6AB6-F800-4c08-8B7A-83BB121AAD01}</UniqueIdentifier>
      <Extensions>rc;ico;cur;bmp;dlg;rc2;rct;bin;rgs;gif;jpg;jpeg;jpe;resx;tiff;tif;png;wav;mfcribbon-ms</Extensions>
    </Filter>
    <Filter Include="Figures">
      <UniqueIdentifier>{1481e73d-882e-4f15-ac89-34a9dc8b822b}</UniqueIdentifier>
    </Filter>
    <Filter Include="Check Block">
      <UniqueIdentifier>{8fb6c921-e711-4c2b-affd-bab07aa9c40e}</UniqueIdentifier>
    </Filter>
    <Filter Include="Factory Method">
      <UniqueIdentifier>{40c38d8f-7e9a-45b0-9219-52713b270ab3}</UniqueIdentifier>
    </Filter>
  </ItemGroup>
  <ItemGroup>
    <ClInclude Include="pch.h">
      <Filter>Header Files</Filter>
    </ClInclude>
    <ClInclude Include="BaseApp.h">
      <Filter>Header Files</Filter>
    </ClInclude>
    <ClInclude Include="PerformanceCounter.h">
      <Filter>Header Files</Filter>
    </ClInclude>
    <ClInclude Include="FigureT.h">
      <Filter>Figures</Filter>
    </ClInclude>
    <ClInclude Include="FigureQ.h">
      <Filter>Figures</Filter>
    </ClInclude>
    <ClInclude Include="FigureI.h">
      <Filter>Figures</Filter>
    </ClInclude>
    <ClInclude Include="FigureZ.h">
      <Filter>Figures</Filter>
    </ClInclude>
    <ClInclude Include="FigureS.h">
      <Filter>Figures</Filter>
    </ClInclude>
    <ClInclude Include="FigureJ.h">
      <Filter>Figures</Filter>
    </ClInclude>
    <ClInclude Include="FigureL.h">
      <Filter>Figures</Filter>
    </ClInclude>
    <ClInclude Include="Game.h">
      <Filter>Header Files</Filter>
    </ClInclude>
    <ClInclude Include="QCreator.h">
      <Filter>Factory Method</Filter>
    </ClInclude>
    <ClInclude Include="ICreator.h">
      <Filter>Factory Method</Filter>
    </ClInclude>
    <ClInclude Include="FigureCreatorBase.h">
      <Filter>Factory Method</Filter>
    </ClInclude>
    <ClInclude Include="FigureBase.h">
      <Filter>Figures</Filter>
    </ClInclude>
    <ClInclude Include="JCreator.h">
      <Filter>Factory Method</Filter>
    </ClInclude>
    <ClInclude Include="LCreator.h">
      <Filter>Factory Method</Filter>
    </ClInclude>
    <ClInclude Include="TCreator.h">
      <Filter>Factory Method</Filter>
    </ClInclude>
    <ClInclude Include="ZCreator.h">
      <Filter>Factory Method</Filter>
    </ClInclude>
    <ClInclude Include="SCreator.h">
      <Filter>Factory Method</Filter>
    </ClInclude>
    <ClInclude Include="CheckBlockBase.h">
      <Filter>Check Block</Filter>
    </ClInclude>
    <ClInclude Include="CheckRightBlock.h">
      <Filter>Check Block</Filter>
    </ClInclude>
    <ClInclude Include="CheckLeftBlock.h">
      <Filter>Check Block</Filter>
    </ClInclude>
    <ClInclude Include="CheckBottomBlock.h">
      <Filter>Check Block</Filter>
    </ClInclude>
  </ItemGroup>
  <ItemGroup>
    <ClCompile Include="pch.cpp">
      <Filter>Source Files</Filter>
    </ClCompile>
    <ClCompile Include="Tetris.cpp">
      <Filter>Source Files</Filter>
    </ClCompile>
    <ClCompile Include="BaseApp.cpp">
      <Filter>Source Files</Filter>
    </ClCompile>
    <ClCompile Include="FigureT.cpp">
      <Filter>Figures</Filter>
    </ClCompile>
    <ClCompile Include="FigureQ.cpp">
      <Filter>Figures</Filter>
    </ClCompile>
    <ClCompile Include="FigureI.cpp">
      <Filter>Figures</Filter>
    </ClCompile>
    <ClCompile Include="FigureZ.cpp">
      <Filter>Figures</Filter>
    </ClCompile>
    <ClCompile Include="FigureS.cpp">
      <Filter>Figures</Filter>
    </ClCompile>
    <ClCompile Include="FigureJ.cpp">
      <Filter>Figures</Filter>
    </ClCompile>
    <ClCompile Include="FigureL.cpp">
      <Filter>Figures</Filter>
    </ClCompile>
    <ClCompile Include="Game.cpp">
      <Filter>Header Files</Filter>
    </ClCompile>
    <ClCompile Include="QCreator.cpp">
      <Filter>Factory Method</Filter>
    </ClCompile>
    <ClCompile Include="ICreator.cpp">
      <Filter>Factory Method</Filter>
    </ClCompile>
    <ClCompile Include="FigureCreatorBase.cpp">
      <Filter>Factory Method</Filter>
    </ClCompile>
    <ClCompile Include="FigureBase.cpp">
      <Filter>Figures</Filter>
    </ClCompile>
    <ClCompile Include="JCreator.cpp">
      <Filter>Factory Method</Filter>
    </ClCompile>
    <ClCompile Include="LCreator.cpp">
      <Filter>Factory Method</Filter>
    </ClCompile>
    <ClCompile Include="TCreator.cpp">
      <Filter>Factory Method</Filter>
    </ClCompile>
    <ClCompile Include="ZCreator.cpp">
      <Filter>Factory Method</Filter>
    </ClCompile>
    <ClCompile Include="SCreator.cpp">
      <Filter>Factory Method</Filter>
    </ClCompile>
    <ClCompile Include="CheckBlockBase.cpp">
      <Filter>Check Block</Filter>
    </ClCompile>
    <ClCompile Include="CheckRightBlock.cpp">
      <Filter>Check Block</Filter>
    </ClCompile>
    <ClCompile Include="CheckLeftBlock.cpp">
      <Filter>Check Block</Filter>
    </ClCompile>
    <ClCompile Include="CheckBottomBlock.cpp">
      <Filter>Check Block</Filter>
    </ClCompile>
  </ItemGroup>
</Project>