<?xml version="1.0" encoding="utf-8"?>
<Project ToolsVersion="4.0" xmlns="http://schemas.microsoft.com/developer/msbuild/2003">
  <ItemGroup>
    <Filter Include="Source Files">
      <UniqueIdentifier>{4FC737F1-C7A5-4376-A066-2A32D752A2FF}</UniqueIdentifier>
      <Extensions>cpp;c;cc;cxx;def;odl;idl;hpj;bat;asm;asmx</Extensions>
    </Filter>
    <Filter Include="Header Files">
      <UniqueIdentifier>{93995380-89BD-4b04-88EB-625FBE52EBFB}</UniqueIdentifier>
      <Extensions>h;hh;hpp;hxx;hm;inl;inc;ipp;xsd</Extensions>
    </Filter>
    <Filter Include="Resource Files">
      <UniqueIdentifier>{67DA6AB6-F800-4c08-8B7A-83BB121AAD01}</UniqueIdentifier>
      <Extensions>rc;ico;cur;bmp;dlg;rc2;rct;bin;rgs;gif;jpg;jpeg;jpe;resx;tiff;tif;png;wav;mfcribbon-ms</Extensions>
    </Filter>
    <Filter Include="Figures">
      <UniqueIdentifier>{1481e73d-882e-4f15-ac89-34a9dc8b822b}</UniqueIdentifier>
    </Filter>
    <Filter Include="Check Block">
      <UniqueIdentifier>{8fb6c921-e711-4c2b-affd-bab07aa9c40e}</UniqueIdentifier>
    </Filter>
    <Filter Include="Factory Method">
      <UniqueIdentifier>{40c38d8f-7e9a-45b0-9219-52713b270ab3}</UniqueIdentifier>
    </Filter>
  </ItemGroup>
  <ItemGroup>
    <ClInclude Include="pch.h">
      <Filter>Header Files</Filter>
    </ClInclude>
    <ClInclude Include="BaseApp.h">
      <Filter>Header Files</Filter>
    </ClInclude>
    <ClInclude Include="PerformanceCounter.h">
      <Filter>Header Files</Filter>
    </ClInclude>
    <ClInclude Include="Game.h">
      <Filter>Header Files</Filter>
    </ClInclude>
    <ClInclude Include="CheckBlock\CheckBlockBase.h">
      <Filter>Check Block</Filter>
    </ClInclude>
    <ClInclude Include="CheckBlock\CheckBottomBlock.h">
      <Filter>Check Block</Filter>
    </ClInclude>
    <ClInclude Include="CheckBlock\CheckLeftBlock.h">
      <Filter>Check Block</Filter>
    </ClInclude>
    <ClInclude Include="CheckBlock\CheckRightBlock.h">
      <Filter>Check Block</Filter>
    </ClInclude>
    <ClInclude Include="FactoryMethod\FigureCreatorBase.h">
      <Filter>Factory Method</Filter>
    </ClInclude>
    <ClInclude Include="FactoryMethod\ICreator.h">
      <Filter>Factory Method</Filter>
    </ClInclude>
    <ClInclude Include="FactoryMethod\JCreator.h">
      <Filter>Factory Method</Filter>
    </ClInclude>
    <ClInclude Include="FactoryMethod\LCreator.h">
      <Filter>Factory Method</Filter>
    </ClInclude>
    <ClInclude Include="FactoryMethod\QCreator.h">
      <Filter>Factory Method</Filter>
    </ClInclude>
    <ClInclude Include="FactoryMethod\SCreator.h">
      <Filter>Factory Method</Filter>
    </ClInclude>
    <ClInclude Include="FactoryMethod\TCreator.h">
      <Filter>Factory Method</Filter>
    </ClInclude>
    <ClInclude Include="FactoryMethod\ZCreator.h">
      <Filter>Factory Method</Filter>
    </ClInclude>
    <ClInclude Include="Figures\FigureBase.h">
      <Filter>Figures</Filter>
    </ClInclude>
    <ClInclude Include="Figures\FigureI.h">
      <Filter>Figures</Filter>
    </ClInclude>
    <ClInclude Include="Figures\FigureJ.h">
      <Filter>Figures</Filter>
    </ClInclude>
    <ClInclude Include="Figures\FigureL.h">
      <Filter>Figures</Filter>
    </ClInclude>
    <ClInclude Include="Figures\FigureQ.h">
      <Filter>Figures</Filter>
    </ClInclude>
    <ClInclude Include="Figures\FigureS.h">
      <Filter>Figures</Filter>
    </ClInclude>
    <ClInclude Include="Figures\FigureT.h">
      <Filter>Figures</Filter>
    </ClInclude>
    <ClInclude Include="Figures\FigureZ.h">
      <Filter>Figures</Filter>
    </ClInclude>
  </ItemGroup>
  <ItemGroup>
    <ClCompile Include="pch.cpp">
      <Filter>Source Files</Filter>
    </ClCompile>
    <ClCompile Include="Tetris.cpp">
      <Filter>Source Files</Filter>
    </ClCompile>
    <ClCompile Include="BaseApp.cpp">
      <Filter>Source Files</Filter>
    </ClCompile>
    <ClCompile Include="Game.cpp">
      <Filter>Header Files</Filter>
    </ClCompile>
    <ClCompile Include="CheckBlock\CheckBlockBase.cpp">
      <Filter>Check Block</Filter>
    </ClCompile>
    <ClCompile Include="CheckBlock\CheckBottomBlock.cpp">
      <Filter>Check Block</Filter>
    </ClCompile>
    <ClCompile Include="CheckBlock\CheckLeftBlock.cpp">
      <Filter>Check Block</Filter>
    </ClCompile>
    <ClCompile Include="CheckBlock\CheckRightBlock.cpp">
      <Filter>Check Block</Filter>
    </ClCompile>
    <ClCompile Include="FactoryMethod\FigureCreatorBase.cpp">
      <Filter>Factory Method</Filter>
    </ClCompile>
    <ClCompile Include="FactoryMethod\ICreator.cpp">
      <Filter>Factory Method</Filter>
    </ClCompile>
    <ClCompile Include="FactoryMethod\JCreator.cpp">
      <Filter>Factory Method</Filter>
    </ClCompile>
    <ClCompile Include="FactoryMethod\LCreator.cpp">
      <Filter>Factory Method</Filter>
    </ClCompile>
    <ClCompile Include="FactoryMethod\QCreator.cpp">
      <Filter>Factory Method</Filter>
    </ClCompile>
    <ClCompile Include="FactoryMethod\SCreator.cpp">
      <Filter>Factory Method</Filter>
    </ClCompile>
    <ClCompile Include="FactoryMethod\TCreator.cpp">
      <Filter>Factory Method</Filter>
    </ClCompile>
    <ClCompile Include="FactoryMethod\ZCreator.cpp">
      <Filter>Factory Method</Filter>
    </ClCompile>
    <ClCompile Include="Figures\FigureBase.cpp">
      <Filter>Figures</Filter>
    </ClCompile>
    <ClCompile Include="Figures\FigureI.cpp">
      <Filter>Figures</Filter>
    </ClCompile>
    <ClCompile Include="Figures\FigureJ.cpp">
      <Filter>Figures</Filter>
    </ClCompile>
    <ClCompile Include="Figures\FigureL.cpp">
      <Filter>Figures</Filter>
    </ClCompile>
    <ClCompile Include="Figures\FigureQ.cpp">
      <Filter>Figures</Filter>
    </ClCompile>
    <ClCompile Include="Figures\FigureS.cpp">
      <Filter>Figures</Filter>
    </ClCompile>
    <ClCompile Include="Figures\FigureT.cpp">
      <Filter>Figures</Filter>
    </ClCompile>
    <ClCompile Include="Figures\FigureZ.cpp">
      <Filter>Figures</Filter>
    </ClCompile>
  </ItemGroup>
</Project>